
Microsoft Visual Studio Solution File, Format Version 9.00
# Visual Studio 2005
Project("{FAE04EC0-301F-11D3-BF4B-00C04F79EFBC}") = "OpenDental", "OpenDental\OpenDental.csproj", "{8136317D-C936-49B6-9E31-D90F02D2F207}"
	ProjectSection(WebsiteProperties) = preProject
		Debug.AspNetCompiler.Debug = "True"
		Release.AspNetCompiler.Debug = "False"
	EndProjectSection
EndProject
Project("{FAE04EC0-301F-11D3-BF4B-00C04F79EFBC}") = "OpenDentBusiness", "OpenDentBusiness\OpenDentBusiness.csproj", "{3D0FC76E-803C-4DE2-BDB1-47D63A4E2357}"
	ProjectSection(WebsiteProperties) = preProject
		Debug.AspNetCompiler.Debug = "True"
		Release.AspNetCompiler.Debug = "False"
	EndProjectSection
EndProject
Project("{FAE04EC0-301F-11D3-BF4B-00C04F79EFBC}") = "UnitTests", "UnitTests\UnitTests.csproj", "{7069E361-5105-4A13-8D66-5D528B582BA6}"
	ProjectSection(WebsiteProperties) = preProject
		Debug.AspNetCompiler.Debug = "True"
		Release.AspNetCompiler.Debug = "False"
	EndProjectSection
EndProject
Project("{FAE04EC0-301F-11D3-BF4B-00C04F79EFBC}") = "xCodeBase", "CodeBase\xCodeBase.csproj", "{18F7BC78-4B99-48D3-A1F1-0D13A63E3CF9}"
	ProjectSection(WebsiteProperties) = preProject
		Debug.AspNetCompiler.Debug = "True"
		Release.AspNetCompiler.Debug = "False"
	EndProjectSection
EndProject
Global
	GlobalSection(SolutionConfigurationPlatforms) = preSolution
		Debug|Any CPU = Debug|Any CPU
		LinuxRelease|Any CPU = LinuxRelease|Any CPU
		Release|Any CPU = Release|Any CPU
		Description = 
	EndGlobalSection
	GlobalSection(ProjectConfigurationPlatforms) = postSolution
		{8136317D-C936-49B6-9E31-D90F02D2F207}.Debug|Any CPU.ActiveCfg = Debug|Any CPU
		{8136317D-C936-49B6-9E31-D90F02D2F207}.Debug|Any CPU.Build.0 = Debug|Any CPU
		{8136317D-C936-49B6-9E31-D90F02D2F207}.LinuxRelease|Any CPU.ActiveCfg = LinuxRelease|Any CPU
		{8136317D-C936-49B6-9E31-D90F02D2F207}.LinuxRelease|Any CPU.Build.0 = LinuxRelease|Any CPU
		{8136317D-C936-49B6-9E31-D90F02D2F207}.Release|Any CPU.ActiveCfg = Release|Any CPU
		{8136317D-C936-49B6-9E31-D90F02D2F207}.Release|Any CPU.Build.0 = Release|Any CPU
		{3D0FC76E-803C-4DE2-BDB1-47D63A4E2357}.Debug|Any CPU.ActiveCfg = Debug|Any CPU
		{3D0FC76E-803C-4DE2-BDB1-47D63A4E2357}.Debug|Any CPU.Build.0 = Debug|Any CPU
		{3D0FC76E-803C-4DE2-BDB1-47D63A4E2357}.LinuxRelease|Any CPU.ActiveCfg = LinuxRelease|Any CPU
		{3D0FC76E-803C-4DE2-BDB1-47D63A4E2357}.LinuxRelease|Any CPU.Build.0 = LinuxRelease|Any CPU
		{3D0FC76E-803C-4DE2-BDB1-47D63A4E2357}.Release|Any CPU.ActiveCfg = Release|Any CPU
		{3D0FC76E-803C-4DE2-BDB1-47D63A4E2357}.Release|Any CPU.Build.0 = Release|Any CPU
		{7069E361-5105-4A13-8D66-5D528B582BA6}.Debug|Any CPU.ActiveCfg = Debug|Any CPU
		{7069E361-5105-4A13-8D66-5D528B582BA6}.Debug|Any CPU.Build.0 = Debug|Any CPU
		{7069E361-5105-4A13-8D66-5D528B582BA6}.LinuxRelease|Any CPU.ActiveCfg = LinuxRelease|Any CPU
		{7069E361-5105-4A13-8D66-5D528B582BA6}.LinuxRelease|Any CPU.Build.0 = LinuxRelease|Any CPU
		{7069E361-5105-4A13-8D66-5D528B582BA6}.Release|Any CPU.ActiveCfg = Release|Any CPU
		{7069E361-5105-4A13-8D66-5D528B582BA6}.Release|Any CPU.Build.0 = Release|Any CPU
		{18F7BC78-4B99-48D3-A1F1-0D13A63E3CF9}.Debug|Any CPU.ActiveCfg = Debug|Any CPU
		{18F7BC78-4B99-48D3-A1F1-0D13A63E3CF9}.Debug|Any CPU.Build.0 = Debug|Any CPU
		{18F7BC78-4B99-48D3-A1F1-0D13A63E3CF9}.LinuxRelease|Any CPU.ActiveCfg = LinuxRelease|Any CPU
		{18F7BC78-4B99-48D3-A1F1-0D13A63E3CF9}.LinuxRelease|Any CPU.Build.0 = LinuxRelease|Any CPU
		{18F7BC78-4B99-48D3-A1F1-0D13A63E3CF9}.Release|Any CPU.ActiveCfg = Release|Any CPU
		{18F7BC78-4B99-48D3-A1F1-0D13A63E3CF9}.Release|Any CPU.Build.0 = Release|Any CPU
	EndGlobalSection
	GlobalSection(SolutionProperties) = preSolution
		HideSolutionNode = FALSE
	EndGlobalSection
EndGlobal
