
Microsoft Visual Studio Solution File, Format Version 10.00
# Visual Studio 2008
Project("{FAE04EC0-301F-11D3-BF4B-00C04F79EFBC}") = "OpenDentMobile", "OpenDentMobile.csproj", "{3E6DADA0-98D5-4576-B5A5-F9FB19374682}"
EndProject
Project("{B900F1C2-3D47-4FEC-85B3-04AAF18C3634}") = "MobileCab", "..\MobileCab\MobileCab.vddproj", "{8030C539-E4FB-4C15-94E6-41C15B998EDD}"
EndProject
Project("{54435603-DBB4-11D2-8724-00A0C9A8B90C}") = "MobileSetup", "..\MobileSetup\MobileSetup.vdproj", "{4498F4F0-6795-4191-A4BB-4947DA3A4ADC}"
EndProject
Project("{FAE04EC0-301F-11D3-BF4B-00C04F79EFBC}") = "MobileSetupCustomAction", "..\MobileSetupCustomAction\MobileSetupCustomAction.csproj", "{5C14615A-9764-4E2D-BF0C-DC0CAB448E05}"
EndProject
Global
	GlobalSection(SolutionConfigurationPlatforms) = preSolution
		Debug|Any CPU = Debug|Any CPU
		Release|Any CPU = Release|Any CPU
	EndGlobalSection
	GlobalSection(ProjectConfigurationPlatforms) = postSolution
		{3E6DADA0-98D5-4576-B5A5-F9FB19374682}.Debug|Any CPU.ActiveCfg = Debug|Any CPU
		{3E6DADA0-98D5-4576-B5A5-F9FB19374682}.Debug|Any CPU.Build.0 = Debug|Any CPU
		{3E6DADA0-98D5-4576-B5A5-F9FB19374682}.Debug|Any CPU.Deploy.0 = Debug|Any CPU
		{3E6DADA0-98D5-4576-B5A5-F9FB19374682}.Release|Any CPU.ActiveCfg = Release|Any CPU
		{3E6DADA0-98D5-4576-B5A5-F9FB19374682}.Release|Any CPU.Build.0 = Release|Any CPU
		{3E6DADA0-98D5-4576-B5A5-F9FB19374682}.Release|Any CPU.Deploy.0 = Release|Any CPU
		{8030C539-E4FB-4C15-94E6-41C15B998EDD}.Debug|Any CPU.ActiveCfg = Debug
		{8030C539-E4FB-4C15-94E6-41C15B998EDD}.Release|Any CPU.ActiveCfg = Release
		{8030C539-E4FB-4C15-94E6-41C15B998EDD}.Release|Any CPU.Build.0 = Release
		{4498F4F0-6795-4191-A4BB-4947DA3A4ADC}.Debug|Any CPU.ActiveCfg = Debug
		{4498F4F0-6795-4191-A4BB-4947DA3A4ADC}.Release|Any CPU.ActiveCfg = Release
		{4498F4F0-6795-4191-A4BB-4947DA3A4ADC}.Release|Any CPU.Build.0 = Release
		{5C14615A-9764-4E2D-BF0C-DC0CAB448E05}.Debug|Any CPU.ActiveCfg = Debug|Any CPU
		{5C14615A-9764-4E2D-BF0C-DC0CAB448E05}.Release|Any CPU.ActiveCfg = Release|Any CPU
		{5C14615A-9764-4E2D-BF0C-DC0CAB448E05}.Release|Any CPU.Build.0 = Release|Any CPU
	EndGlobalSection
	GlobalSection(SolutionProperties) = preSolution
		HideSolutionNode = FALSE
	EndGlobalSection
EndGlobal
